// !$*UTF8*$!
{
	archiveVersion = 1;
	classes = {
	};
	objectVersion = 46;
	objects = {

/* Begin PBXBuildFile section */
		2717F20F17A0679C0026D3CF /* KinveyKit.framework in Frameworks */ = {isa = PBXBuildFile; fileRef = 2717F20E17A0679C0026D3CF /* KinveyKit.framework */; };
		273B64441756B17900E1B1B9 /* libUAirship-1.4.0.a in Frameworks */ = {isa = PBXBuildFile; fileRef = 273B64431756B17900E1B1B9 /* libUAirship-1.4.0.a */; };
		273B644C1757CE4100E1B1B9 /* KCSHashtags.m in Sources */ = {isa = PBXBuildFile; fileRef = 273B644B1757CE4100E1B1B9 /* KCSHashtags.m */; };
		273B64A31758C7A700E1B1B9 /* KGATagListViewController.m in Sources */ = {isa = PBXBuildFile; fileRef = 273B64A21758C7A700E1B1B9 /* KGATagListViewController.m */; };
		27FA77DC161A085C00B96FDB /* Twitter.framework in Frameworks */ = {isa = PBXBuildFile; fileRef = 27FA77DB161A085C00B96FDB /* Twitter.framework */; };
		27FA77DE161A086000B96FDB /* Accounts.framework in Frameworks */ = {isa = PBXBuildFile; fileRef = 27FA77DD161A086000B96FDB /* Accounts.framework */; };
		27FA77E4161A12FE00B96FDB /* Default.png in Resources */ = {isa = PBXBuildFile; fileRef = 27FA77E3161A12FE00B96FDB /* Default.png */; };
		27FA77E7161A152C00B96FDB /* Default-568h@2x.png in Resources */ = {isa = PBXBuildFile; fileRef = 27FA77E5161A152C00B96FDB /* Default-568h@2x.png */; };
		27FA77E8161A152C00B96FDB /* Default@2x.png in Resources */ = {isa = PBXBuildFile; fileRef = 27FA77E6161A152C00B96FDB /* Default@2x.png */; };
		27FA77EC161A173200B96FDB /* Icon.png in Resources */ = {isa = PBXBuildFile; fileRef = 27FA77EB161A173200B96FDB /* Icon.png */; };
		27FA77F0161A17A400B96FDB /* Icon@2x.png in Resources */ = {isa = PBXBuildFile; fileRef = 27FA77EF161A17A400B96FDB /* Icon@2x.png */; };
		A038BAC51A14CEB10022FCEC /* Social.framework in Frameworks */ = {isa = PBXBuildFile; fileRef = A038BAC41A14CEB10022FCEC /* Social.framework */; };
		D356673A15530215009D3DF8 /* KGAMapNote.m in Sources */ = {isa = PBXBuildFile; fileRef = D356673915530215009D3DF8 /* KGAMapNote.m */; };
		D3BE9CCD1552CF2B00ED0FDF /* UIKit.framework in Frameworks */ = {isa = PBXBuildFile; fileRef = D3BE9CCC1552CF2B00ED0FDF /* UIKit.framework */; };
		D3BE9CCF1552CF2B00ED0FDF /* Foundation.framework in Frameworks */ = {isa = PBXBuildFile; fileRef = D3BE9CCE1552CF2B00ED0FDF /* Foundation.framework */; };
		D3BE9CD11552CF2B00ED0FDF /* CoreGraphics.framework in Frameworks */ = {isa = PBXBuildFile; fileRef = D3BE9CD01552CF2B00ED0FDF /* CoreGraphics.framework */; };
		D3BE9CD71552CF2B00ED0FDF /* InfoPlist.strings in Resources */ = {isa = PBXBuildFile; fileRef = D3BE9CD51552CF2B00ED0FDF /* InfoPlist.strings */; };
		D3BE9CD91552CF2B00ED0FDF /* main.m in Sources */ = {isa = PBXBuildFile; fileRef = D3BE9CD81552CF2B00ED0FDF /* main.m */; };
		D3BE9CDD1552CF2B00ED0FDF /* KGAAppDelegate.m in Sources */ = {isa = PBXBuildFile; fileRef = D3BE9CDC1552CF2B00ED0FDF /* KGAAppDelegate.m */; };
		D3BE9CE01552CF2B00ED0FDF /* KGAViewController.m in Sources */ = {isa = PBXBuildFile; fileRef = D3BE9CDF1552CF2B00ED0FDF /* KGAViewController.m */; };
		D3BE9CE31552CF2B00ED0FDF /* KGAViewController_iPhone.xib in Resources */ = {isa = PBXBuildFile; fileRef = D3BE9CE11552CF2B00ED0FDF /* KGAViewController_iPhone.xib */; };
		D3BE9CE61552CF2B00ED0FDF /* KGAViewController_iPad.xib in Resources */ = {isa = PBXBuildFile; fileRef = D3BE9CE41552CF2B00ED0FDF /* KGAViewController_iPad.xib */; };
		D3BE9CED1552CF4F00ED0FDF /* CoreLocation.framework in Frameworks */ = {isa = PBXBuildFile; fileRef = D3BE9CEC1552CF4F00ED0FDF /* CoreLocation.framework */; };
		D3BE9CEF1552D19D00ED0FDF /* MapKit.framework in Frameworks */ = {isa = PBXBuildFile; fileRef = D3BE9CEE1552D19D00ED0FDF /* MapKit.framework */; };
		D3D803831553193200656C40 /* CFNetwork.framework in Frameworks */ = {isa = PBXBuildFile; fileRef = D3D8037D1553193200656C40 /* CFNetwork.framework */; };
		D3D803841553193200656C40 /* CoreTelephony.framework in Frameworks */ = {isa = PBXBuildFile; fileRef = D3D8037E1553193200656C40 /* CoreTelephony.framework */; };
		D3D803851553193200656C40 /* MobileCoreServices.framework in Frameworks */ = {isa = PBXBuildFile; fileRef = D3D8037F1553193200656C40 /* MobileCoreServices.framework */; };
		D3D803861553193200656C40 /* Security.framework in Frameworks */ = {isa = PBXBuildFile; fileRef = D3D803801553193200656C40 /* Security.framework */; };
		D3D803871553193200656C40 /* StoreKit.framework in Frameworks */ = {isa = PBXBuildFile; fileRef = D3D803811553193200656C40 /* StoreKit.framework */; };
		D3D803881553193200656C40 /* SystemConfiguration.framework in Frameworks */ = {isa = PBXBuildFile; fileRef = D3D803821553193200656C40 /* SystemConfiguration.framework */; };
		D3D8038A1553193E00656C40 /* libz.dylib in Frameworks */ = {isa = PBXBuildFile; fileRef = D3D803891553193E00656C40 /* libz.dylib */; };
		D3D8038C1553194300656C40 /* libsqlite3.dylib in Frameworks */ = {isa = PBXBuildFile; fileRef = D3D8038B1553194300656C40 /* libsqlite3.dylib */; };
/* End PBXBuildFile section */

/* Begin PBXFileReference section */
		2717F20E17A0679C0026D3CF /* KinveyKit.framework */ = {isa = PBXFileReference; lastKnownFileType = wrapper.framework; name = KinveyKit.framework; path = Kinvey/KinveyKit.framework; sourceTree = "<group>"; };
		273B64431756B17900E1B1B9 /* libUAirship-1.4.0.a */ = {isa = PBXFileReference; lastKnownFileType = archive.ar; name = "libUAirship-1.4.0.a"; path = "Airship/libUAirship-1.4.0.a"; sourceTree = "<group>"; };
		273B644A1757CE4100E1B1B9 /* KCSHashtags.h */ = {isa = PBXFileReference; fileEncoding = 4; lastKnownFileType = sourcecode.c.h; path = KCSHashtags.h; sourceTree = "<group>"; };
		273B644B1757CE4100E1B1B9 /* KCSHashtags.m */ = {isa = PBXFileReference; fileEncoding = 4; lastKnownFileType = sourcecode.c.objc; path = KCSHashtags.m; sourceTree = "<group>"; };
		273B64A11758C7A700E1B1B9 /* KGATagListViewController.h */ = {isa = PBXFileReference; fileEncoding = 4; lastKnownFileType = sourcecode.c.h; path = KGATagListViewController.h; sourceTree = "<group>"; };
		273B64A21758C7A700E1B1B9 /* KGATagListViewController.m */ = {isa = PBXFileReference; fileEncoding = 4; lastKnownFileType = sourcecode.c.objc; path = KGATagListViewController.m; sourceTree = "<group>"; };
		27FA77DB161A085C00B96FDB /* Twitter.framework */ = {isa = PBXFileReference; lastKnownFileType = wrapper.framework; name = Twitter.framework; path = System/Library/Frameworks/Twitter.framework; sourceTree = SDKROOT; };
		27FA77DD161A086000B96FDB /* Accounts.framework */ = {isa = PBXFileReference; lastKnownFileType = wrapper.framework; name = Accounts.framework; path = System/Library/Frameworks/Accounts.framework; sourceTree = SDKROOT; };
		27FA77E3161A12FE00B96FDB /* Default.png */ = {isa = PBXFileReference; lastKnownFileType = image.png; path = Default.png; sourceTree = "<group>"; };
		27FA77E5161A152C00B96FDB /* Default-568h@2x.png */ = {isa = PBXFileReference; lastKnownFileType = image.png; path = "Default-568h@2x.png"; sourceTree = "<group>"; };
		27FA77E6161A152C00B96FDB /* Default@2x.png */ = {isa = PBXFileReference; lastKnownFileType = image.png; path = "Default@2x.png"; sourceTree = "<group>"; };
		27FA77EB161A173200B96FDB /* Icon.png */ = {isa = PBXFileReference; lastKnownFileType = image.png; name = Icon.png; path = ../Icon.png; sourceTree = "<group>"; };
		27FA77EF161A17A400B96FDB /* Icon@2x.png */ = {isa = PBXFileReference; lastKnownFileType = image.png; name = "Icon@2x.png"; path = "../Icon@2x.png"; sourceTree = "<group>"; };
		A038BAC41A14CEB10022FCEC /* Social.framework */ = {isa = PBXFileReference; lastKnownFileType = wrapper.framework; name = Social.framework; path = System/Library/Frameworks/Social.framework; sourceTree = SDKROOT; };
		D356673815530215009D3DF8 /* KGAMapNote.h */ = {isa = PBXFileReference; fileEncoding = 4; lastKnownFileType = sourcecode.c.h; path = KGAMapNote.h; sourceTree = "<group>"; };
		D356673915530215009D3DF8 /* KGAMapNote.m */ = {isa = PBXFileReference; fileEncoding = 4; lastKnownFileType = sourcecode.c.objc; path = KGAMapNote.m; sourceTree = "<group>"; };
		D3BE9CC81552CF2B00ED0FDF /* Kinvey GeoTag.app */ = {isa = PBXFileReference; explicitFileType = wrapper.application; includeInIndex = 0; path = "Kinvey GeoTag.app"; sourceTree = BUILT_PRODUCTS_DIR; };
		D3BE9CCC1552CF2B00ED0FDF /* UIKit.framework */ = {isa = PBXFileReference; lastKnownFileType = wrapper.framework; name = UIKit.framework; path = System/Library/Frameworks/UIKit.framework; sourceTree = SDKROOT; };
		D3BE9CCE1552CF2B00ED0FDF /* Foundation.framework */ = {isa = PBXFileReference; lastKnownFileType = wrapper.framework; name = Foundation.framework; path = System/Library/Frameworks/Foundation.framework; sourceTree = SDKROOT; };
		D3BE9CD01552CF2B00ED0FDF /* CoreGraphics.framework */ = {isa = PBXFileReference; lastKnownFileType = wrapper.framework; name = CoreGraphics.framework; path = System/Library/Frameworks/CoreGraphics.framework; sourceTree = SDKROOT; };
		D3BE9CD41552CF2B00ED0FDF /* Kinvey GeoTag-Info.plist */ = {isa = PBXFileReference; lastKnownFileType = text.plist.xml; path = "Kinvey GeoTag-Info.plist"; sourceTree = "<group>"; };
		D3BE9CD61552CF2B00ED0FDF /* en */ = {isa = PBXFileReference; lastKnownFileType = text.plist.strings; name = en; path = en.lproj/InfoPlist.strings; sourceTree = "<group>"; };
		D3BE9CD81552CF2B00ED0FDF /* main.m */ = {isa = PBXFileReference; lastKnownFileType = sourcecode.c.objc; path = main.m; sourceTree = "<group>"; };
		D3BE9CDA1552CF2B00ED0FDF /* Kinvey GeoTag-Prefix.pch */ = {isa = PBXFileReference; lastKnownFileType = sourcecode.c.h; path = "Kinvey GeoTag-Prefix.pch"; sourceTree = "<group>"; };
		D3BE9CDB1552CF2B00ED0FDF /* KGAAppDelegate.h */ = {isa = PBXFileReference; lastKnownFileType = sourcecode.c.h; path = KGAAppDelegate.h; sourceTree = "<group>"; };
		D3BE9CDC1552CF2B00ED0FDF /* KGAAppDelegate.m */ = {isa = PBXFileReference; lastKnownFileType = sourcecode.c.objc; path = KGAAppDelegate.m; sourceTree = "<group>"; };
		D3BE9CDE1552CF2B00ED0FDF /* KGAViewController.h */ = {isa = PBXFileReference; lastKnownFileType = sourcecode.c.h; path = KGAViewController.h; sourceTree = "<group>"; };
		D3BE9CDF1552CF2B00ED0FDF /* KGAViewController.m */ = {isa = PBXFileReference; lastKnownFileType = sourcecode.c.objc; path = KGAViewController.m; sourceTree = "<group>"; };
		D3BE9CE21552CF2B00ED0FDF /* en */ = {isa = PBXFileReference; lastKnownFileType = file.xib; name = en; path = en.lproj/KGAViewController_iPhone.xib; sourceTree = "<group>"; };
		D3BE9CE51552CF2B00ED0FDF /* en */ = {isa = PBXFileReference; lastKnownFileType = file.xib; name = en; path = en.lproj/KGAViewController_iPad.xib; sourceTree = "<group>"; };
		D3BE9CEC1552CF4F00ED0FDF /* CoreLocation.framework */ = {isa = PBXFileReference; lastKnownFileType = wrapper.framework; name = CoreLocation.framework; path = System/Library/Frameworks/CoreLocation.framework; sourceTree = SDKROOT; };
		D3BE9CEE1552D19D00ED0FDF /* MapKit.framework */ = {isa = PBXFileReference; lastKnownFileType = wrapper.framework; name = MapKit.framework; path = System/Library/Frameworks/MapKit.framework; sourceTree = SDKROOT; };
		D3D8037D1553193200656C40 /* CFNetwork.framework */ = {isa = PBXFileReference; lastKnownFileType = wrapper.framework; name = CFNetwork.framework; path = System/Library/Frameworks/CFNetwork.framework; sourceTree = SDKROOT; };
		D3D8037E1553193200656C40 /* CoreTelephony.framework */ = {isa = PBXFileReference; lastKnownFileType = wrapper.framework; name = CoreTelephony.framework; path = System/Library/Frameworks/CoreTelephony.framework; sourceTree = SDKROOT; };
		D3D8037F1553193200656C40 /* MobileCoreServices.framework */ = {isa = PBXFileReference; lastKnownFileType = wrapper.framework; name = MobileCoreServices.framework; path = System/Library/Frameworks/MobileCoreServices.framework; sourceTree = SDKROOT; };
		D3D803801553193200656C40 /* Security.framework */ = {isa = PBXFileReference; lastKnownFileType = wrapper.framework; name = Security.framework; path = System/Library/Frameworks/Security.framework; sourceTree = SDKROOT; };
		D3D803811553193200656C40 /* StoreKit.framework */ = {isa = PBXFileReference; lastKnownFileType = wrapper.framework; name = StoreKit.framework; path = System/Library/Frameworks/StoreKit.framework; sourceTree = SDKROOT; };
		D3D803821553193200656C40 /* SystemConfiguration.framework */ = {isa = PBXFileReference; lastKnownFileType = wrapper.framework; name = SystemConfiguration.framework; path = System/Library/Frameworks/SystemConfiguration.framework; sourceTree = SDKROOT; };
		D3D803891553193E00656C40 /* libz.dylib */ = {isa = PBXFileReference; lastKnownFileType = "compiled.mach-o.dylib"; name = libz.dylib; path = usr/lib/libz.dylib; sourceTree = SDKROOT; };
		D3D8038B1553194300656C40 /* libsqlite3.dylib */ = {isa = PBXFileReference; lastKnownFileType = "compiled.mach-o.dylib"; name = libsqlite3.dylib; path = usr/lib/libsqlite3.dylib; sourceTree = SDKROOT; };
/* End PBXFileReference section */

/* Begin PBXFrameworksBuildPhase section */
		D3BE9CC51552CF2B00ED0FDF /* Frameworks */ = {
			isa = PBXFrameworksBuildPhase;
			buildActionMask = 2147483647;
			files = (
				A038BAC51A14CEB10022FCEC /* Social.framework in Frameworks */,
				27FA77DE161A086000B96FDB /* Accounts.framework in Frameworks */,
				27FA77DC161A085C00B96FDB /* Twitter.framework in Frameworks */,
				D3D8038C1553194300656C40 /* libsqlite3.dylib in Frameworks */,
				D3D8038A1553193E00656C40 /* libz.dylib in Frameworks */,
				D3D803831553193200656C40 /* CFNetwork.framework in Frameworks */,
				D3D803841553193200656C40 /* CoreTelephony.framework in Frameworks */,
				D3D803851553193200656C40 /* MobileCoreServices.framework in Frameworks */,
				2717F20F17A0679C0026D3CF /* KinveyKit.framework in Frameworks */,
				D3D803861553193200656C40 /* Security.framework in Frameworks */,
				D3D803871553193200656C40 /* StoreKit.framework in Frameworks */,
				D3D803881553193200656C40 /* SystemConfiguration.framework in Frameworks */,
				D3BE9CD11552CF2B00ED0FDF /* CoreGraphics.framework in Frameworks */,
				D3BE9CCD1552CF2B00ED0FDF /* UIKit.framework in Frameworks */,
				D3BE9CEF1552D19D00ED0FDF /* MapKit.framework in Frameworks */,
				D3BE9CED1552CF4F00ED0FDF /* CoreLocation.framework in Frameworks */,
				D3BE9CCF1552CF2B00ED0FDF /* Foundation.framework in Frameworks */,
				273B64441756B17900E1B1B9 /* libUAirship-1.4.0.a in Frameworks */,
			);
			runOnlyForDeploymentPostprocessing = 0;
		};
/* End PBXFrameworksBuildPhase section */

/* Begin PBXGroup section */
		D3BE9CBD1552CF2B00ED0FDF = {
			isa = PBXGroup;
			children = (
				D3BE9CD21552CF2B00ED0FDF /* Kinvey Geo App */,
				D3BE9CCB1552CF2B00ED0FDF /* Frameworks */,
				D3BE9CC91552CF2B00ED0FDF /* Products */,
			);
			sourceTree = "<group>";
		};
		D3BE9CC91552CF2B00ED0FDF /* Products */ = {
			isa = PBXGroup;
			children = (
				D3BE9CC81552CF2B00ED0FDF /* Kinvey GeoTag.app */,
			);
			name = Products;
			sourceTree = "<group>";
		};
		D3BE9CCB1552CF2B00ED0FDF /* Frameworks */ = {
			isa = PBXGroup;
			children = (
				A038BAC41A14CEB10022FCEC /* Social.framework */,
				2717F20E17A0679C0026D3CF /* KinveyKit.framework */,
				273B64431756B17900E1B1B9 /* libUAirship-1.4.0.a */,
				27FA77DD161A086000B96FDB /* Accounts.framework */,
				27FA77DB161A085C00B96FDB /* Twitter.framework */,
				D3D8038B1553194300656C40 /* libsqlite3.dylib */,
				D3D803891553193E00656C40 /* libz.dylib */,
				D3D8037D1553193200656C40 /* CFNetwork.framework */,
				D3D8037E1553193200656C40 /* CoreTelephony.framework */,
				D3D8037F1553193200656C40 /* MobileCoreServices.framework */,
				D3D803801553193200656C40 /* Security.framework */,
				D3D803811553193200656C40 /* StoreKit.framework */,
				D3D803821553193200656C40 /* SystemConfiguration.framework */,
				D3BE9CEE1552D19D00ED0FDF /* MapKit.framework */,
				D3BE9CEC1552CF4F00ED0FDF /* CoreLocation.framework */,
				D3BE9CCC1552CF2B00ED0FDF /* UIKit.framework */,
				D3BE9CCE1552CF2B00ED0FDF /* Foundation.framework */,
				D3BE9CD01552CF2B00ED0FDF /* CoreGraphics.framework */,
			);
			name = Frameworks;
			sourceTree = "<group>";
		};
		D3BE9CD21552CF2B00ED0FDF /* Kinvey Geo App */ = {
			isa = PBXGroup;
			children = (
				D3BE9CDB1552CF2B00ED0FDF /* KGAAppDelegate.h */,
				D3BE9CDC1552CF2B00ED0FDF /* KGAAppDelegate.m */,
				D3BE9CDE1552CF2B00ED0FDF /* KGAViewController.h */,
				D3BE9CDF1552CF2B00ED0FDF /* KGAViewController.m */,
				D356673815530215009D3DF8 /* KGAMapNote.h */,
				D356673915530215009D3DF8 /* KGAMapNote.m */,
				D3BE9CE11552CF2B00ED0FDF /* KGAViewController_iPhone.xib */,
				D3BE9CE41552CF2B00ED0FDF /* KGAViewController_iPad.xib */,
				273B64A11758C7A700E1B1B9 /* KGATagListViewController.h */,
				273B64A21758C7A700E1B1B9 /* KGATagListViewController.m */,
				273B644A1757CE4100E1B1B9 /* KCSHashtags.h */,
				273B644B1757CE4100E1B1B9 /* KCSHashtags.m */,
				D3BE9CD31552CF2B00ED0FDF /* Supporting Files */,
			);
			path = "Kinvey Geo App";
			sourceTree = "<group>";
		};
		D3BE9CD31552CF2B00ED0FDF /* Supporting Files */ = {
			isa = PBXGroup;
			children = (
				D3BE9CD41552CF2B00ED0FDF /* Kinvey GeoTag-Info.plist */,
				D3BE9CD51552CF2B00ED0FDF /* InfoPlist.strings */,
				D3BE9CD81552CF2B00ED0FDF /* main.m */,
				D3BE9CDA1552CF2B00ED0FDF /* Kinvey GeoTag-Prefix.pch */,
				27FA77E3161A12FE00B96FDB /* Default.png */,
				27FA77E6161A152C00B96FDB /* Default@2x.png */,
				27FA77E5161A152C00B96FDB /* Default-568h@2x.png */,
				27FA77EB161A173200B96FDB /* Icon.png */,
				27FA77EF161A17A400B96FDB /* Icon@2x.png */,
			);
			name = "Supporting Files";
			sourceTree = "<group>";
		};
/* End PBXGroup section */

/* Begin PBXNativeTarget section */
		D3BE9CC71552CF2B00ED0FDF /* Kinvey GeoTag */ = {
			isa = PBXNativeTarget;
			buildConfigurationList = D3BE9CE91552CF2B00ED0FDF /* Build configuration list for PBXNativeTarget "Kinvey GeoTag" */;
			buildPhases = (
				D3BE9CC41552CF2B00ED0FDF /* Sources */,
				D3BE9CC51552CF2B00ED0FDF /* Frameworks */,
				D3BE9CC61552CF2B00ED0FDF /* Resources */,
			);
			buildRules = (
			);
			dependencies = (
			);
			name = "Kinvey GeoTag";
			productName = "Kinvey Geo App";
			productReference = D3BE9CC81552CF2B00ED0FDF /* Kinvey GeoTag.app */;
			productType = "com.apple.product-type.application";
		};
/* End PBXNativeTarget section */

/* Begin PBXProject section */
		D3BE9CBF1552CF2B00ED0FDF /* Project object */ = {
			isa = PBXProject;
			attributes = {
				CLASSPREFIX = KGA;
				LastUpgradeCheck = 0460;
			};
			buildConfigurationList = D3BE9CC21552CF2B00ED0FDF /* Build configuration list for PBXProject "Kinvey GeoTag" */;
			compatibilityVersion = "Xcode 3.2";
			developmentRegion = English;
			hasScannedForEncodings = 0;
			knownRegions = (
				en,
			);
			mainGroup = D3BE9CBD1552CF2B00ED0FDF;
			productRefGroup = D3BE9CC91552CF2B00ED0FDF /* Products */;
			projectDirPath = "";
			projectRoot = "";
			targets = (
				D3BE9CC71552CF2B00ED0FDF /* Kinvey GeoTag */,
			);
		};
/* End PBXProject section */

/* Begin PBXResourcesBuildPhase section */
		D3BE9CC61552CF2B00ED0FDF /* Resources */ = {
			isa = PBXResourcesBuildPhase;
			buildActionMask = 2147483647;
			files = (
				D3BE9CD71552CF2B00ED0FDF /* InfoPlist.strings in Resources */,
				D3BE9CE31552CF2B00ED0FDF /* KGAViewController_iPhone.xib in Resources */,
				D3BE9CE61552CF2B00ED0FDF /* KGAViewController_iPad.xib in Resources */,
				27FA77E4161A12FE00B96FDB /* Default.png in Resources */,
				27FA77E7161A152C00B96FDB /* Default-568h@2x.png in Resources */,
				27FA77E8161A152C00B96FDB /* Default@2x.png in Resources */,
				27FA77EC161A173200B96FDB /* Icon.png in Resources */,
				27FA77F0161A17A400B96FDB /* Icon@2x.png in Resources */,
			);
			runOnlyForDeploymentPostprocessing = 0;
		};
/* End PBXResourcesBuildPhase section */

/* Begin PBXSourcesBuildPhase section */
		D3BE9CC41552CF2B00ED0FDF /* Sources */ = {
			isa = PBXSourcesBuildPhase;
			buildActionMask = 2147483647;
			files = (
				D3BE9CD91552CF2B00ED0FDF /* main.m in Sources */,
				D3BE9CDD1552CF2B00ED0FDF /* KGAAppDelegate.m in Sources */,
				D3BE9CE01552CF2B00ED0FDF /* KGAViewController.m in Sources */,
				D356673A15530215009D3DF8 /* KGAMapNote.m in Sources */,
				273B644C1757CE4100E1B1B9 /* KCSHashtags.m in Sources */,
				273B64A31758C7A700E1B1B9 /* KGATagListViewController.m in Sources */,
			);
			runOnlyForDeploymentPostprocessing = 0;
		};
/* End PBXSourcesBuildPhase section */

/* Begin PBXVariantGroup section */
		D3BE9CD51552CF2B00ED0FDF /* InfoPlist.strings */ = {
			isa = PBXVariantGroup;
			children = (
				D3BE9CD61552CF2B00ED0FDF /* en */,
			);
			name = InfoPlist.strings;
			sourceTree = "<group>";
		};
		D3BE9CE11552CF2B00ED0FDF /* KGAViewController_iPhone.xib */ = {
			isa = PBXVariantGroup;
			children = (
				D3BE9CE21552CF2B00ED0FDF /* en */,
			);
			name = KGAViewController_iPhone.xib;
			sourceTree = "<group>";
		};
		D3BE9CE41552CF2B00ED0FDF /* KGAViewController_iPad.xib */ = {
			isa = PBXVariantGroup;
			children = (
				D3BE9CE51552CF2B00ED0FDF /* en */,
			);
			name = KGAViewController_iPad.xib;
			sourceTree = "<group>";
		};
/* End PBXVariantGroup section */

/* Begin XCBuildConfiguration section */
		D3BE9CE71552CF2B00ED0FDF /* Debug */ = {
			isa = XCBuildConfiguration;
			buildSettings = {
				ALWAYS_SEARCH_USER_PATHS = NO;
				ARCHS = "$(ARCHS_STANDARD_32_BIT)";
				CLANG_ENABLE_OBJC_ARC = YES;
				CLANG_WARN_CONSTANT_CONVERSION = YES;
				CLANG_WARN_ENUM_CONVERSION = YES;
				CLANG_WARN_INT_CONVERSION = YES;
				CLANG_WARN__DUPLICATE_METHOD_MATCH = YES;
				CODE_SIGN_IDENTITY = "iPhone Developer: Michael Katz (5WT935WCFL)";
				"CODE_SIGN_IDENTITY[sdk=iphoneos*]" = "iPhone Developer";
				COPY_PHASE_STRIP = NO;
				GCC_C_LANGUAGE_STANDARD = gnu99;
				GCC_DYNAMIC_NO_PIC = NO;
				GCC_OPTIMIZATION_LEVEL = 0;
				GCC_PREPROCESSOR_DEFINITIONS = (
					"DEBUG=1",
					"$(inherited)",
				);
				GCC_SYMBOLS_PRIVATE_EXTERN = NO;
				GCC_VERSION = com.apple.compilers.llvm.clang.1_0;
				GCC_WARN_ABOUT_RETURN_TYPE = YES;
				GCC_WARN_UNINITIALIZED_AUTOS = YES;
				GCC_WARN_UNUSED_VARIABLE = YES;
				IPHONEOS_DEPLOYMENT_TARGET = 5.1;
				PROVISIONING_PROFILE = "016306C0-A0E4-4E56-8B50-E9AF465E4680";
				SDKROOT = iphoneos;
				TARGETED_DEVICE_FAMILY = "1,2";
				WARNING_CFLAGS = "";
			};
			name = Debug;
		};
		D3BE9CE81552CF2B00ED0FDF /* Release */ = {
			isa = XCBuildConfiguration;
			buildSettings = {
				ALWAYS_SEARCH_USER_PATHS = NO;
				ARCHS = "$(ARCHS_STANDARD_32_BIT)";
				CLANG_ENABLE_OBJC_ARC = YES;
				CLANG_WARN_CONSTANT_CONVERSION = YES;
				CLANG_WARN_ENUM_CONVERSION = YES;
				CLANG_WARN_INT_CONVERSION = YES;
				CLANG_WARN__DUPLICATE_METHOD_MATCH = YES;
				CODE_SIGN_IDENTITY = "iPhone Developer: Michael Katz (5WT935WCFL)";
				"CODE_SIGN_IDENTITY[sdk=iphoneos*]" = "iPhone Developer";
				COPY_PHASE_STRIP = YES;
				GCC_C_LANGUAGE_STANDARD = gnu99;
				GCC_VERSION = com.apple.compilers.llvm.clang.1_0;
				GCC_WARN_ABOUT_RETURN_TYPE = YES;
				GCC_WARN_UNINITIALIZED_AUTOS = YES;
				GCC_WARN_UNUSED_VARIABLE = YES;
				IPHONEOS_DEPLOYMENT_TARGET = 5.1;
				OTHER_CFLAGS = "-DNS_BLOCK_ASSERTIONS=1";
				PROVISIONING_PROFILE = "016306C0-A0E4-4E56-8B50-E9AF465E4680";
				SDKROOT = iphoneos;
				TARGETED_DEVICE_FAMILY = "1,2";
				VALIDATE_PRODUCT = YES;
				WARNING_CFLAGS = "";
			};
			name = Release;
		};
		D3BE9CEA1552CF2B00ED0FDF /* Debug */ = {
			isa = XCBuildConfiguration;
			buildSettings = {
				FRAMEWORK_SEARCH_PATHS = (
					"$(inherited)",
					"$(SRCROOT)",
					"$(SRCROOT)/Kinvey",
				);
				GCC_PRECOMPILE_PREFIX_HEADER = YES;
				GCC_PREFIX_HEADER = "Kinvey Geo App/Kinvey GeoTag-Prefix.pch";
				INFOPLIST_FILE = "Kinvey Geo App/Kinvey GeoTag-Info.plist";
				LIBRARY_SEARCH_PATHS = (
					"$(inherited)",
					"\"$(SRCROOT)/Airship\"",
				);
				OTHER_LDFLAGS = "-ObjC";
				PRODUCT_NAME = "Kinvey GeoTag";
				WRAPPER_EXTENSION = app;
			};
			name = Debug;
		};
		D3BE9CEB1552CF2B00ED0FDF /* Release */ = {
			isa = XCBuildConfiguration;
			buildSettings = {
				FRAMEWORK_SEARCH_PATHS = (
					"$(inherited)",
					"$(SRCROOT)",
					"$(SRCROOT)/Kinvey",
				);
				GCC_PRECOMPILE_PREFIX_HEADER = YES;
				GCC_PREFIX_HEADER = "Kinvey Geo App/Kinvey GeoTag-Prefix.pch";
				INFOPLIST_FILE = "Kinvey Geo App/Kinvey GeoTag-Info.plist";
				LIBRARY_SEARCH_PATHS = (
					"$(inherited)",
					"\"$(SRCROOT)/Airship\"",
				);
				OTHER_LDFLAGS = "-ObjC";
				PRODUCT_NAME = "Kinvey GeoTag";
				WRAPPER_EXTENSION = app;
			};
			name = Release;
		};
/* End XCBuildConfiguration section */

/* Begin XCConfigurationList section */
		D3BE9CC21552CF2B00ED0FDF /* Build configuration list for PBXProject "Kinvey GeoTag" */ = {
			isa = XCConfigurationList;
			buildConfigurations = (
				D3BE9CE71552CF2B00ED0FDF /* Debug */,
				D3BE9CE81552CF2B00ED0FDF /* Release */,
			);
			defaultConfigurationIsVisible = 0;
			defaultConfigurationName = Release;
		};
		D3BE9CE91552CF2B00ED0FDF /* Build configuration list for PBXNativeTarget "Kinvey GeoTag" */ = {
			isa = XCConfigurationList;
			buildConfigurations = (
				D3BE9CEA1552CF2B00ED0FDF /* Debug */,
				D3BE9CEB1552CF2B00ED0FDF /* Release */,
			);
			defaultConfigurationIsVisible = 0;
			defaultConfigurationName = Release;
		};
/* End XCConfigurationList section */
	};
	rootObject = D3BE9CBF1552CF2B00ED0FDF /* Project object */;
}
